// !$*UTF8*$!
{
	archiveVersion = 1;
	classes = {
	};
	objectVersion = 46;
	objects = {

/* Begin PBXBuildFile section */
		2318D6DB18C09D3F00DBEE1C /* User.m in Sources */ = {isa = PBXBuildFile; fileRef = 2318D6DA18C09D3F00DBEE1C /* User.m */; };
		2318D6DD18C0A59400DBEE1C /* sample.json in Resources */ = {isa = PBXBuildFile; fileRef = 2318D6DC18C0A59400DBEE1C /* sample.json */; };
		2318D6E018C0A88D00DBEE1C /* KLDataViewController.m in Sources */ = {isa = PBXBuildFile; fileRef = 2318D6DF18C0A88D00DBEE1C /* KLDataViewController.m */; };
		2318D72D18C0BD9500DBEE1C /* DataBaseManager.m in Sources */ = {isa = PBXBuildFile; fileRef = 2318D72C18C0BD9400DBEE1C /* DataBaseManager.m */; };
		237E434D18BF6BB40058B077 /* CustomersViewController.m in Sources */ = {isa = PBXBuildFile; fileRef = 237E434B18BF6BB40058B077 /* CustomersViewController.m */; };
		237E434E18BF6BB40058B077 /* CustomersViewController.xib in Resources */ = {isa = PBXBuildFile; fileRef = 237E434C18BF6BB40058B077 /* CustomersViewController.xib */; };
		237E435418BF73B40058B077 /* Customer.m in Sources */ = {isa = PBXBuildFile; fileRef = 237E435318BF73B40058B077 /* Customer.m */; };
		237E435718BF743E0058B077 /* User+Helper.m in Sources */ = {isa = PBXBuildFile; fileRef = 237E435618BF743E0058B077 /* User+Helper.m */; };
		23F807AD18BF2D7F00E80FF9 /* Foundation.framework in Frameworks */ = {isa = PBXBuildFile; fileRef = 23F807AC18BF2D7F00E80FF9 /* Foundation.framework */; };
		23F807AF18BF2D7F00E80FF9 /* CoreGraphics.framework in Frameworks */ = {isa = PBXBuildFile; fileRef = 23F807AE18BF2D7F00E80FF9 /* CoreGraphics.framework */; };
		23F807B118BF2D7F00E80FF9 /* UIKit.framework in Frameworks */ = {isa = PBXBuildFile; fileRef = 23F807B018BF2D7F00E80FF9 /* UIKit.framework */; };
		23F807B318BF2D7F00E80FF9 /* CoreData.framework in Frameworks */ = {isa = PBXBuildFile; fileRef = 23F807B218BF2D7F00E80FF9 /* CoreData.framework */; };
		23F807B918BF2D7F00E80FF9 /* InfoPlist.strings in Resources */ = {isa = PBXBuildFile; fileRef = 23F807B718BF2D7F00E80FF9 /* InfoPlist.strings */; };
		23F807BB18BF2D7F00E80FF9 /* main.m in Sources */ = {isa = PBXBuildFile; fileRef = 23F807BA18BF2D7F00E80FF9 /* main.m */; };
		23F807BF18BF2D7F00E80FF9 /* AppDelegate.m in Sources */ = {isa = PBXBuildFile; fileRef = 23F807BE18BF2D7F00E80FF9 /* AppDelegate.m */; };
		23F807C218BF2D7F00E80FF9 /* CoreDataDemo.xcdatamodeld in Sources */ = {isa = PBXBuildFile; fileRef = 23F807C018BF2D7F00E80FF9 /* CoreDataDemo.xcdatamodeld */; };
		23F807C418BF2D7F00E80FF9 /* Images.xcassets in Resources */ = {isa = PBXBuildFile; fileRef = 23F807C318BF2D7F00E80FF9 /* Images.xcassets */; };
		23F807CB18BF2D7F00E80FF9 /* XCTest.framework in Frameworks */ = {isa = PBXBuildFile; fileRef = 23F807CA18BF2D7F00E80FF9 /* XCTest.framework */; };
		23F807CC18BF2D7F00E80FF9 /* Foundation.framework in Frameworks */ = {isa = PBXBuildFile; fileRef = 23F807AC18BF2D7F00E80FF9 /* Foundation.framework */; };
		23F807CD18BF2D7F00E80FF9 /* UIKit.framework in Frameworks */ = {isa = PBXBuildFile; fileRef = 23F807B018BF2D7F00E80FF9 /* UIKit.framework */; };
		23F807CE18BF2D7F00E80FF9 /* CoreData.framework in Frameworks */ = {isa = PBXBuildFile; fileRef = 23F807B218BF2D7F00E80FF9 /* CoreData.framework */; };
		23F807D618BF2D7F00E80FF9 /* InfoPlist.strings in Resources */ = {isa = PBXBuildFile; fileRef = 23F807D418BF2D7F00E80FF9 /* InfoPlist.strings */; };
		23F807D818BF2D7F00E80FF9 /* CoreDataDemoTests.m in Sources */ = {isa = PBXBuildFile; fileRef = 23F807D718BF2D7F00E80FF9 /* CoreDataDemoTests.m */; };
		23F807E418BF2DBB00E80FF9 /* WelcomeViewController.m in Sources */ = {isa = PBXBuildFile; fileRef = 23F807E218BF2DBB00E80FF9 /* WelcomeViewController.m */; };
		23F807E518BF2DBB00E80FF9 /* WelcomeViewController.xib in Resources */ = {isa = PBXBuildFile; fileRef = 23F807E318BF2DBB00E80FF9 /* WelcomeViewController.xib */; };
		23F807E918BF309400E80FF9 /* RegisterViewController.m in Sources */ = {isa = PBXBuildFile; fileRef = 23F807E718BF309400E80FF9 /* RegisterViewController.m */; };
		23F807EA18BF309400E80FF9 /* RegisterViewController.xib in Resources */ = {isa = PBXBuildFile; fileRef = 23F807E818BF309400E80FF9 /* RegisterViewController.xib */; };
		23F807EE18BF34B100E80FF9 /* UserManager.m in Sources */ = {isa = PBXBuildFile; fileRef = 23F807ED18BF34B100E80FF9 /* UserManager.m */; };
		B796E418566E4FAA9F976388 /* libPods.a in Frameworks */ = {isa = PBXBuildFile; fileRef = 20D15665BABC48B89164634C /* libPods.a */; };
/* End PBXBuildFile section */

/* Begin PBXContainerItemProxy section */
		23F807CF18BF2D7F00E80FF9 /* PBXContainerItemProxy */ = {
			isa = PBXContainerItemProxy;
			containerPortal = 23F807A118BF2D7F00E80FF9 /* Project object */;
			proxyType = 1;
			remoteGlobalIDString = 23F807A818BF2D7F00E80FF9;
			remoteInfo = CoreDataDemo;
		};
/* End PBXContainerItemProxy section */

/* Begin PBXFileReference section */
		20D15665BABC48B89164634C /* libPods.a */ = {isa = PBXFileReference; explicitFileType = archive.ar; includeInIndex = 0; path = libPods.a; sourceTree = BUILT_PRODUCTS_DIR; };
		2318D6D818C09B4500DBEE1C /* CoreDataDemo 2.xcdatamodel */ = {isa = PBXFileReference; lastKnownFileType = file; path = "CoreDataDemo 2.xcdatamodel"; sourceTree = "<group>"; };
		2318D6D918C09D3F00DBEE1C /* User.h */ = {isa = PBXFileReference; fileEncoding = 4; lastKnownFileType = sourcecode.c.h; name = User.h; path = database/User.h; sourceTree = "<group>"; };
		2318D6DA18C09D3F00DBEE1C /* User.m */ = {isa = PBXFileReference; fileEncoding = 4; lastKnownFileType = sourcecode.c.objc; name = User.m; path = database/User.m; sourceTree = "<group>"; };
		2318D6DC18C0A59400DBEE1C /* sample.json */ = {isa = PBXFileReference; fileEncoding = 4; lastKnownFileType = text.json; path = sample.json; sourceTree = "<group>"; };
		2318D6DE18C0A88D00DBEE1C /* KLDataViewController.h */ = {isa = PBXFileReference; fileEncoding = 4; lastKnownFileType = sourcecode.c.h; path = KLDataViewController.h; sourceTree = "<group>"; };
		2318D6DF18C0A88D00DBEE1C /* KLDataViewController.m */ = {isa = PBXFileReference; fileEncoding = 4; lastKnownFileType = sourcecode.c.objc; path = KLDataViewController.m; sourceTree = "<group>"; };
		2318D72B18C0BD9400DBEE1C /* DataBaseManager.h */ = {isa = PBXFileReference; fileEncoding = 4; lastKnownFileType = sourcecode.c.h; path = DataBaseManager.h; sourceTree = "<group>"; };
		2318D72C18C0BD9400DBEE1C /* DataBaseManager.m */ = {isa = PBXFileReference; fileEncoding = 4; lastKnownFileType = sourcecode.c.objc; path = DataBaseManager.m; sourceTree = "<group>"; };
		237E434A18BF6BB40058B077 /* CustomersViewController.h */ = {isa = PBXFileReference; fileEncoding = 4; lastKnownFileType = sourcecode.c.h; path = CustomersViewController.h; sourceTree = "<group>"; };
		237E434B18BF6BB40058B077 /* CustomersViewController.m */ = {isa = PBXFileReference; fileEncoding = 4; lastKnownFileType = sourcecode.c.objc; path = CustomersViewController.m; sourceTree = "<group>"; };
		237E434C18BF6BB40058B077 /* CustomersViewController.xib */ = {isa = PBXFileReference; fileEncoding = 4; lastKnownFileType = file.xib; path = CustomersViewController.xib; sourceTree = "<group>"; };
		237E435218BF73B40058B077 /* Customer.h */ = {isa = PBXFileReference; fileEncoding = 4; lastKnownFileType = sourcecode.c.h; name = Customer.h; path = database/Customer.h; sourceTree = "<group>"; };
		237E435318BF73B40058B077 /* Customer.m */ = {isa = PBXFileReference; fileEncoding = 4; lastKnownFileType = sourcecode.c.objc; name = Customer.m; path = database/Customer.m; sourceTree = "<group>"; };
		237E435518BF743E0058B077 /* User+Helper.h */ = {isa = PBXFileReference; fileEncoding = 4; lastKnownFileType = sourcecode.c.h; name = "User+Helper.h"; path = "database/User+Helper.h"; sourceTree = "<group>"; };
		237E435618BF743E0058B077 /* User+Helper.m */ = {isa = PBXFileReference; fileEncoding = 4; lastKnownFileType = sourcecode.c.objc; name = "User+Helper.m"; path = "database/User+Helper.m"; sourceTree = "<group>"; };
		23F807A918BF2D7F00E80FF9 /* CoreDataDemo.app */ = {isa = PBXFileReference; explicitFileType = wrapper.application; includeInIndex = 0; path = CoreDataDemo.app; sourceTree = BUILT_PRODUCTS_DIR; };
		23F807AC18BF2D7F00E80FF9 /* Foundation.framework */ = {isa = PBXFileReference; lastKnownFileType = wrapper.framework; name = Foundation.framework; path = System/Library/Frameworks/Foundation.framework; sourceTree = SDKROOT; };
		23F807AE18BF2D7F00E80FF9 /* CoreGraphics.framework */ = {isa = PBXFileReference; lastKnownFileType = wrapper.framework; name = CoreGraphics.framework; path = System/Library/Frameworks/CoreGraphics.framework; sourceTree = SDKROOT; };
		23F807B018BF2D7F00E80FF9 /* UIKit.framework */ = {isa = PBXFileReference; lastKnownFileType = wrapper.framework; name = UIKit.framework; path = System/Library/Frameworks/UIKit.framework; sourceTree = SDKROOT; };
		23F807B218BF2D7F00E80FF9 /* CoreData.framework */ = {isa = PBXFileReference; lastKnownFileType = wrapper.framework; name = CoreData.framework; path = System/Library/Frameworks/CoreData.framework; sourceTree = SDKROOT; };
		23F807B618BF2D7F00E80FF9 /* CoreDataDemo-Info.plist */ = {isa = PBXFileReference; lastKnownFileType = text.plist.xml; path = "CoreDataDemo-Info.plist"; sourceTree = "<group>"; };
		23F807B818BF2D7F00E80FF9 /* en */ = {isa = PBXFileReference; lastKnownFileType = text.plist.strings; name = en; path = en.lproj/InfoPlist.strings; sourceTree = "<group>"; };
		23F807BA18BF2D7F00E80FF9 /* main.m */ = {isa = PBXFileReference; lastKnownFileType = sourcecode.c.objc; path = main.m; sourceTree = "<group>"; };
		23F807BC18BF2D7F00E80FF9 /* CoreDataDemo-Prefix.pch */ = {isa = PBXFileReference; lastKnownFileType = sourcecode.c.h; path = "CoreDataDemo-Prefix.pch"; sourceTree = "<group>"; };
		23F807BD18BF2D7F00E80FF9 /* AppDelegate.h */ = {isa = PBXFileReference; lastKnownFileType = sourcecode.c.h; path = AppDelegate.h; sourceTree = "<group>"; };
		23F807BE18BF2D7F00E80FF9 /* AppDelegate.m */ = {isa = PBXFileReference; lastKnownFileType = sourcecode.c.objc; path = AppDelegate.m; sourceTree = "<group>"; };
		23F807C118BF2D7F00E80FF9 /* CoreDataDemo.xcdatamodel */ = {isa = PBXFileReference; lastKnownFileType = wrapper.xcdatamodel; path = CoreDataDemo.xcdatamodel; sourceTree = "<group>"; };
		23F807C318BF2D7F00E80FF9 /* Images.xcassets */ = {isa = PBXFileReference; lastKnownFileType = folder.assetcatalog; path = Images.xcassets; sourceTree = "<group>"; };
		23F807C918BF2D7F00E80FF9 /* CoreDataDemoTests.xctest */ = {isa = PBXFileReference; explicitFileType = wrapper.cfbundle; includeInIndex = 0; path = CoreDataDemoTests.xctest; sourceTree = BUILT_PRODUCTS_DIR; };
		23F807CA18BF2D7F00E80FF9 /* XCTest.framework */ = {isa = PBXFileReference; lastKnownFileType = wrapper.framework; name = XCTest.framework; path = Library/Frameworks/XCTest.framework; sourceTree = DEVELOPER_DIR; };
		23F807D318BF2D7F00E80FF9 /* CoreDataDemoTests-Info.plist */ = {isa = PBXFileReference; lastKnownFileType = text.plist.xml; path = "CoreDataDemoTests-Info.plist"; sourceTree = "<group>"; };
		23F807D518BF2D7F00E80FF9 /* en */ = {isa = PBXFileReference; lastKnownFileType = text.plist.strings; name = en; path = en.lproj/InfoPlist.strings; sourceTree = "<group>"; };
		23F807D718BF2D7F00E80FF9 /* CoreDataDemoTests.m */ = {isa = PBXFileReference; lastKnownFileType = sourcecode.c.objc; path = CoreDataDemoTests.m; sourceTree = "<group>"; };
		23F807E118BF2DBB00E80FF9 /* WelcomeViewController.h */ = {isa = PBXFileReference; fileEncoding = 4; lastKnownFileType = sourcecode.c.h; path = WelcomeViewController.h; sourceTree = "<group>"; };
		23F807E218BF2DBB00E80FF9 /* WelcomeViewController.m */ = {isa = PBXFileReference; fileEncoding = 4; lastKnownFileType = sourcecode.c.objc; path = WelcomeViewController.m; sourceTree = "<group>"; };
		23F807E318BF2DBB00E80FF9 /* WelcomeViewController.xib */ = {isa = PBXFileReference; fileEncoding = 4; lastKnownFileType = file.xib; path = WelcomeViewController.xib; sourceTree = "<group>"; };
		23F807E618BF309400E80FF9 /* RegisterViewController.h */ = {isa = PBXFileReference; fileEncoding = 4; lastKnownFileType = sourcecode.c.h; path = RegisterViewController.h; sourceTree = "<group>"; };
		23F807E718BF309400E80FF9 /* RegisterViewController.m */ = {isa = PBXFileReference; fileEncoding = 4; lastKnownFileType = sourcecode.c.objc; path = RegisterViewController.m; sourceTree = "<group>"; };
		23F807E818BF309400E80FF9 /* RegisterViewController.xib */ = {isa = PBXFileReference; fileEncoding = 4; lastKnownFileType = file.xib; path = RegisterViewController.xib; sourceTree = "<group>"; };
		23F807EB18BF323D00E80FF9 /* iOSConstants.h */ = {isa = PBXFileReference; lastKnownFileType = sourcecode.c.h; path = iOSConstants.h; sourceTree = "<group>"; };
		23F807EC18BF34B100E80FF9 /* UserManager.h */ = {isa = PBXFileReference; fileEncoding = 4; lastKnownFileType = sourcecode.c.h; path = UserManager.h; sourceTree = "<group>"; };
		23F807ED18BF34B100E80FF9 /* UserManager.m */ = {isa = PBXFileReference; fileEncoding = 4; lastKnownFileType = sourcecode.c.objc; path = UserManager.m; sourceTree = "<group>"; };
		23F807EF18BF37BE00E80FF9 /* AppConstants.h */ = {isa = PBXFileReference; lastKnownFileType = sourcecode.c.h; path = AppConstants.h; sourceTree = "<group>"; };
		B8BB7E0D6478400CBE7B250D /* Pods.xcconfig */ = {isa = PBXFileReference; includeInIndex = 1; lastKnownFileType = text.xcconfig; name = Pods.xcconfig; path = Pods/Pods.xcconfig; sourceTree = "<group>"; };
/* End PBXFileReference section */

/* Begin PBXFrameworksBuildPhase section */
		23F807A618BF2D7F00E80FF9 /* Frameworks */ = {
			isa = PBXFrameworksBuildPhase;
			buildActionMask = 2147483647;
			files = (
				23F807AF18BF2D7F00E80FF9 /* CoreGraphics.framework in Frameworks */,
				23F807B318BF2D7F00E80FF9 /* CoreData.framework in Frameworks */,
				23F807B118BF2D7F00E80FF9 /* UIKit.framework in Frameworks */,
				23F807AD18BF2D7F00E80FF9 /* Foundation.framework in Frameworks */,
				B796E418566E4FAA9F976388 /* libPods.a in Frameworks */,
			);
			runOnlyForDeploymentPostprocessing = 0;
		};
		23F807C618BF2D7F00E80FF9 /* Frameworks */ = {
			isa = PBXFrameworksBuildPhase;
			buildActionMask = 2147483647;
			files = (
				23F807CB18BF2D7F00E80FF9 /* XCTest.framework in Frameworks */,
				23F807CE18BF2D7F00E80FF9 /* CoreData.framework in Frameworks */,
				23F807CD18BF2D7F00E80FF9 /* UIKit.framework in Frameworks */,
				23F807CC18BF2D7F00E80FF9 /* Foundation.framework in Frameworks */,
			);
			runOnlyForDeploymentPostprocessing = 0;
		};
/* End PBXFrameworksBuildPhase section */

/* Begin PBXGroup section */
		23F807A018BF2D7F00E80FF9 = {
			isa = PBXGroup;
			children = (
				23F807B418BF2D7F00E80FF9 /* CoreDataDemo */,
				23F807D118BF2D7F00E80FF9 /* CoreDataDemoTests */,
				23F807AB18BF2D7F00E80FF9 /* Frameworks */,
				23F807AA18BF2D7F00E80FF9 /* Products */,
				B8BB7E0D6478400CBE7B250D /* Pods.xcconfig */,
			);
			sourceTree = "<group>";
		};
		23F807AA18BF2D7F00E80FF9 /* Products */ = {
			isa = PBXGroup;
			children = (
				23F807A918BF2D7F00E80FF9 /* CoreDataDemo.app */,
				23F807C918BF2D7F00E80FF9 /* CoreDataDemoTests.xctest */,
			);
			name = Products;
			sourceTree = "<group>";
		};
		23F807AB18BF2D7F00E80FF9 /* Frameworks */ = {
			isa = PBXGroup;
			children = (
				23F807AC18BF2D7F00E80FF9 /* Foundation.framework */,
				23F807AE18BF2D7F00E80FF9 /* CoreGraphics.framework */,
				23F807B018BF2D7F00E80FF9 /* UIKit.framework */,
				23F807B218BF2D7F00E80FF9 /* CoreData.framework */,
				23F807CA18BF2D7F00E80FF9 /* XCTest.framework */,
				20D15665BABC48B89164634C /* libPods.a */,
			);
			name = Frameworks;
			sourceTree = "<group>";
		};
		23F807B418BF2D7F00E80FF9 /* CoreDataDemo */ = {
			isa = PBXGroup;
			children = (
				2318D6DC18C0A59400DBEE1C /* sample.json */,
				23F807EB18BF323D00E80FF9 /* iOSConstants.h */,
				23F807EF18BF37BE00E80FF9 /* AppConstants.h */,
				23F807BD18BF2D7F00E80FF9 /* AppDelegate.h */,
				23F807BE18BF2D7F00E80FF9 /* AppDelegate.m */,
				23F807C318BF2D7F00E80FF9 /* Images.xcassets */,
				23F807C018BF2D7F00E80FF9 /* CoreDataDemo.xcdatamodeld */,
				2318D6D918C09D3F00DBEE1C /* User.h */,
				2318D6DA18C09D3F00DBEE1C /* User.m */,
				237E435218BF73B40058B077 /* Customer.h */,
				237E435318BF73B40058B077 /* Customer.m */,
				23F807B518BF2D7F00E80FF9 /* Supporting Files */,
				23F807E118BF2DBB00E80FF9 /* WelcomeViewController.h */,
				23F807E218BF2DBB00E80FF9 /* WelcomeViewController.m */,
				23F807E318BF2DBB00E80FF9 /* WelcomeViewController.xib */,
				23F807E618BF309400E80FF9 /* RegisterViewController.h */,
				23F807E718BF309400E80FF9 /* RegisterViewController.m */,
				23F807E818BF309400E80FF9 /* RegisterViewController.xib */,
				23F807EC18BF34B100E80FF9 /* UserManager.h */,
				23F807ED18BF34B100E80FF9 /* UserManager.m */,
				237E434A18BF6BB40058B077 /* CustomersViewController.h */,
				237E434B18BF6BB40058B077 /* CustomersViewController.m */,
				237E434C18BF6BB40058B077 /* CustomersViewController.xib */,
				237E435518BF743E0058B077 /* User+Helper.h */,
				237E435618BF743E0058B077 /* User+Helper.m */,
				2318D6DE18C0A88D00DBEE1C /* KLDataViewController.h */,
				2318D6DF18C0A88D00DBEE1C /* KLDataViewController.m */,
				2318D72B18C0BD9400DBEE1C /* DataBaseManager.h */,
				2318D72C18C0BD9400DBEE1C /* DataBaseManager.m */,
			);
			path = CoreDataDemo;
			sourceTree = "<group>";
		};
		23F807B518BF2D7F00E80FF9 /* Supporting Files */ = {
			isa = PBXGroup;
			children = (
				23F807B618BF2D7F00E80FF9 /* CoreDataDemo-Info.plist */,
				23F807B718BF2D7F00E80FF9 /* InfoPlist.strings */,
				23F807BA18BF2D7F00E80FF9 /* main.m */,
				23F807BC18BF2D7F00E80FF9 /* CoreDataDemo-Prefix.pch */,
			);
			name = "Supporting Files";
			sourceTree = "<group>";
		};
		23F807D118BF2D7F00E80FF9 /* CoreDataDemoTests */ = {
			isa = PBXGroup;
			children = (
				23F807D718BF2D7F00E80FF9 /* CoreDataDemoTests.m */,
				23F807D218BF2D7F00E80FF9 /* Supporting Files */,
			);
			path = CoreDataDemoTests;
			sourceTree = "<group>";
		};
		23F807D218BF2D7F00E80FF9 /* Supporting Files */ = {
			isa = PBXGroup;
			children = (
				23F807D318BF2D7F00E80FF9 /* CoreDataDemoTests-Info.plist */,
				23F807D418BF2D7F00E80FF9 /* InfoPlist.strings */,
			);
			name = "Supporting Files";
			sourceTree = "<group>";
		};
/* End PBXGroup section */

/* Begin PBXNativeTarget section */
		23F807A818BF2D7F00E80FF9 /* CoreDataDemo */ = {
			isa = PBXNativeTarget;
			buildConfigurationList = 23F807DB18BF2D7F00E80FF9 /* Build configuration list for PBXNativeTarget "CoreDataDemo" */;
			buildPhases = (
				8B8AD2731B0341C79B7535CD /* Check Pods Manifest.lock */,
				23F807A518BF2D7F00E80FF9 /* Sources */,
				23F807A618BF2D7F00E80FF9 /* Frameworks */,
				23F807A718BF2D7F00E80FF9 /* Resources */,
				6CBD8032A82043E391E27A96 /* Copy Pods Resources */,
			);
			buildRules = (
			);
			dependencies = (
			);
			name = CoreDataDemo;
			productName = CoreDataDemo;
			productReference = 23F807A918BF2D7F00E80FF9 /* CoreDataDemo.app */;
			productType = "com.apple.product-type.application";
		};
		23F807C818BF2D7F00E80FF9 /* CoreDataDemoTests */ = {
			isa = PBXNativeTarget;
			buildConfigurationList = 23F807DE18BF2D7F00E80FF9 /* Build configuration list for PBXNativeTarget "CoreDataDemoTests" */;
			buildPhases = (
				23F807C518BF2D7F00E80FF9 /* Sources */,
				23F807C618BF2D7F00E80FF9 /* Frameworks */,
				23F807C718BF2D7F00E80FF9 /* Resources */,
			);
			buildRules = (
			);
			dependencies = (
				23F807D018BF2D7F00E80FF9 /* PBXTargetDependency */,
			);
			name = CoreDataDemoTests;
			productName = CoreDataDemoTests;
			productReference = 23F807C918BF2D7F00E80FF9 /* CoreDataDemoTests.xctest */;
			productType = "com.apple.product-type.bundle.unit-test";
		};
/* End PBXNativeTarget section */

/* Begin PBXProject section */
		23F807A118BF2D7F00E80FF9 /* Project object */ = {
			isa = PBXProject;
			attributes = {
				LastUpgradeCheck = 0500;
				ORGANIZATIONNAME = Kamil;
				TargetAttributes = {
					23F807C818BF2D7F00E80FF9 = {
						TestTargetID = 23F807A818BF2D7F00E80FF9;
					};
				};
			};
			buildConfigurationList = 23F807A418BF2D7F00E80FF9 /* Build configuration list for PBXProject "CoreDataDemo" */;
			compatibilityVersion = "Xcode 3.2";
			developmentRegion = English;
			hasScannedForEncodings = 0;
			knownRegions = (
				en,
			);
			mainGroup = 23F807A018BF2D7F00E80FF9;
			productRefGroup = 23F807AA18BF2D7F00E80FF9 /* Products */;
			projectDirPath = "";
			projectRoot = "";
			targets = (
				23F807A818BF2D7F00E80FF9 /* CoreDataDemo */,
				23F807C818BF2D7F00E80FF9 /* CoreDataDemoTests */,
			);
		};
/* End PBXProject section */

/* Begin PBXResourcesBuildPhase section */
		23F807A718BF2D7F00E80FF9 /* Resources */ = {
			isa = PBXResourcesBuildPhase;
			buildActionMask = 2147483647;
			files = (
				2318D6DD18C0A59400DBEE1C /* sample.json in Resources */,
				237E434E18BF6BB40058B077 /* CustomersViewController.xib in Resources */,
				23F807B918BF2D7F00E80FF9 /* InfoPlist.strings in Resources */,
				23F807C418BF2D7F00E80FF9 /* Images.xcassets in Resources */,
				23F807E518BF2DBB00E80FF9 /* WelcomeViewController.xib in Resources */,
				23F807EA18BF309400E80FF9 /* RegisterViewController.xib in Resources */,
			);
			runOnlyForDeploymentPostprocessing = 0;
		};
		23F807C718BF2D7F00E80FF9 /* Resources */ = {
			isa = PBXResourcesBuildPhase;
			buildActionMask = 2147483647;
			files = (
				23F807D618BF2D7F00E80FF9 /* InfoPlist.strings in Resources */,
			);
			runOnlyForDeploymentPostprocessing = 0;
		};
/* End PBXResourcesBuildPhase section */

/* Begin PBXShellScriptBuildPhase section */
		6CBD8032A82043E391E27A96 /* Copy Pods Resources */ = {
			isa = PBXShellScriptBuildPhase;
			buildActionMask = 2147483647;
			files = (
			);
			inputPaths = (
			);
			name = "Copy Pods Resources";
			outputPaths = (
			);
			runOnlyForDeploymentPostprocessing = 0;
			shellPath = /bin/sh;
			shellScript = "\"${SRCROOT}/Pods/Pods-resources.sh\"\n";
			showEnvVarsInLog = 0;
		};
		8B8AD2731B0341C79B7535CD /* Check Pods Manifest.lock */ = {
			isa = PBXShellScriptBuildPhase;
			buildActionMask = 2147483647;
			files = (
			);
			inputPaths = (
			);
			name = "Check Pods Manifest.lock";
			outputPaths = (
			);
			runOnlyForDeploymentPostprocessing = 0;
			shellPath = /bin/sh;
			shellScript = "diff \"${PODS_ROOT}/../Podfile.lock\" \"${PODS_ROOT}/Manifest.lock\" > /dev/null\nif [[ $? != 0 ]] ; then\n    cat << EOM\nerror: The sandbox is not in sync with the Podfile.lock. Run 'pod install' or update your CocoaPods installation.\nEOM\n    exit 1\nfi\n";
			showEnvVarsInLog = 0;
		};
/* End PBXShellScriptBuildPhase section */

/* Begin PBXSourcesBuildPhase section */
		23F807A518BF2D7F00E80FF9 /* Sources */ = {
			isa = PBXSourcesBuildPhase;
			buildActionMask = 2147483647;
			files = (
				2318D6DB18C09D3F00DBEE1C /* User.m in Sources */,
				237E435418BF73B40058B077 /* Customer.m in Sources */,
				23F807E918BF309400E80FF9 /* RegisterViewController.m in Sources */,
				237E434D18BF6BB40058B077 /* CustomersViewController.m in Sources */,
				237E435718BF743E0058B077 /* User+Helper.m in Sources */,
				2318D6E018C0A88D00DBEE1C /* KLDataViewController.m in Sources */,
				23F807BF18BF2D7F00E80FF9 /* AppDelegate.m in Sources */,
				23F807E418BF2DBB00E80FF9 /* WelcomeViewController.m in Sources */,
				2318D72D18C0BD9500DBEE1C /* DataBaseManager.m in Sources */,
				23F807C218BF2D7F00E80FF9 /* CoreDataDemo.xcdatamodeld in Sources */,
				23F807EE18BF34B100E80FF9 /* UserManager.m in Sources */,
				23F807BB18BF2D7F00E80FF9 /* main.m in Sources */,
			);
			runOnlyForDeploymentPostprocessing = 0;
		};
		23F807C518BF2D7F00E80FF9 /* Sources */ = {
			isa = PBXSourcesBuildPhase;
			buildActionMask = 2147483647;
			files = (
				23F807D818BF2D7F00E80FF9 /* CoreDataDemoTests.m in Sources */,
			);
			runOnlyForDeploymentPostprocessing = 0;
		};
/* End PBXSourcesBuildPhase section */

/* Begin PBXTargetDependency section */
		23F807D018BF2D7F00E80FF9 /* PBXTargetDependency */ = {
			isa = PBXTargetDependency;
			target = 23F807A818BF2D7F00E80FF9 /* CoreDataDemo */;
			targetProxy = 23F807CF18BF2D7F00E80FF9 /* PBXContainerItemProxy */;
		};
/* End PBXTargetDependency section */

/* Begin PBXVariantGroup section */
		23F807B718BF2D7F00E80FF9 /* InfoPlist.strings */ = {
			isa = PBXVariantGroup;
			children = (
				23F807B818BF2D7F00E80FF9 /* en */,
			);
			name = InfoPlist.strings;
			sourceTree = "<group>";
		};
		23F807D418BF2D7F00E80FF9 /* InfoPlist.strings */ = {
			isa = PBXVariantGroup;
			children = (
				23F807D518BF2D7F00E80FF9 /* en */,
			);
			name = InfoPlist.strings;
			sourceTree = "<group>";
		};
/* End PBXVariantGroup section */

/* Begin XCBuildConfiguration section */
		23F807D918BF2D7F00E80FF9 /* Debug */ = {
			isa = XCBuildConfiguration;
			buildSettings = {
				ALWAYS_SEARCH_USER_PATHS = NO;
				ARCHS = "$(ARCHS_STANDARD_INCLUDING_64_BIT)";
				CLANG_CXX_LANGUAGE_STANDARD = "gnu++0x";
				CLANG_CXX_LIBRARY = "libc++";
				CLANG_ENABLE_MODULES = YES;
				CLANG_ENABLE_OBJC_ARC = YES;
				CLANG_WARN_BOOL_CONVERSION = YES;
				CLANG_WARN_CONSTANT_CONVERSION = YES;
				CLANG_WARN_DIRECT_OBJC_ISA_USAGE = YES_ERROR;
				CLANG_WARN_EMPTY_BODY = YES;
				CLANG_WARN_ENUM_CONVERSION = YES;
				CLANG_WARN_INT_CONVERSION = YES;
				CLANG_WARN_OBJC_ROOT_CLASS = YES_ERROR;
				CLANG_WARN__DUPLICATE_METHOD_MATCH = YES;
				"CODE_SIGN_IDENTITY[sdk=iphoneos*]" = "iPhone Developer";
				COPY_PHASE_STRIP = NO;
				GCC_C_LANGUAGE_STANDARD = gnu99;
				GCC_DYNAMIC_NO_PIC = NO;
				GCC_OPTIMIZATION_LEVEL = 0;
				GCC_PREPROCESSOR_DEFINITIONS = (
					"DEBUG=1",
					"$(inherited)",
				);
				GCC_SYMBOLS_PRIVATE_EXTERN = NO;
				GCC_WARN_64_TO_32_BIT_CONVERSION = YES;
				GCC_WARN_ABOUT_RETURN_TYPE = YES_ERROR;
				GCC_WARN_UNDECLARED_SELECTOR = YES;
				GCC_WARN_UNINITIALIZED_AUTOS = YES;
				GCC_WARN_UNUSED_FUNCTION = YES;
				GCC_WARN_UNUSED_VARIABLE = YES;
				IPHONEOS_DEPLOYMENT_TARGET = 7.0;
				ONLY_ACTIVE_ARCH = YES;
				SDKROOT = iphoneos;
			};
			name = Debug;
		};
		23F807DA18BF2D7F00E80FF9 /* Release */ = {
			isa = XCBuildConfiguration;
			buildSettings = {
				ALWAYS_SEARCH_USER_PATHS = NO;
				ARCHS = "$(ARCHS_STANDARD_INCLUDING_64_BIT)";
				CLANG_CXX_LANGUAGE_STANDARD = "gnu++0x";
				CLANG_CXX_LIBRARY = "libc++";
				CLANG_ENABLE_MODULES = YES;
				CLANG_ENABLE_OBJC_ARC = YES;
				CLANG_WARN_BOOL_CONVERSION = YES;
				CLANG_WARN_CONSTANT_CONVERSION = YES;
				CLANG_WARN_DIRECT_OBJC_ISA_USAGE = YES_ERROR;
				CLANG_WARN_EMPTY_BODY = YES;
				CLANG_WARN_ENUM_CONVERSION = YES;
				CLANG_WARN_INT_CONVERSION = YES;
				CLANG_WARN_OBJC_ROOT_CLASS = YES_ERROR;
				CLANG_WARN__DUPLICATE_METHOD_MATCH = YES;
				"CODE_SIGN_IDENTITY[sdk=iphoneos*]" = "iPhone Developer";
				COPY_PHASE_STRIP = YES;
				ENABLE_NS_ASSERTIONS = NO;
				GCC_C_LANGUAGE_STANDARD = gnu99;
				GCC_WARN_64_TO_32_BIT_CONVERSION = YES;
				GCC_WARN_ABOUT_RETURN_TYPE = YES_ERROR;
				GCC_WARN_UNDECLARED_SELECTOR = YES;
				GCC_WARN_UNINITIALIZED_AUTOS = YES;
				GCC_WARN_UNUSED_FUNCTION = YES;
				GCC_WARN_UNUSED_VARIABLE = YES;
				IPHONEOS_DEPLOYMENT_TARGET = 7.0;
				SDKROOT = iphoneos;
				VALIDATE_PRODUCT = YES;
			};
			name = Release;
		};
		23F807DC18BF2D7F00E80FF9 /* Debug */ = {
			isa = XCBuildConfiguration;
			baseConfigurationReference = B8BB7E0D6478400CBE7B250D /* Pods.xcconfig */;
			buildSettings = {
				ASSETCATALOG_COMPILER_APPICON_NAME = AppIcon;
				ASSETCATALOG_COMPILER_LAUNCHIMAGE_NAME = LaunchImage;
				GCC_PRECOMPILE_PREFIX_HEADER = YES;
				GCC_PREFIX_HEADER = "CoreDataDemo/CoreDataDemo-Prefix.pch";
				INFOPLIST_FILE = "CoreDataDemo/CoreDataDemo-Info.plist";
				PRODUCT_NAME = "$(TARGET_NAME)";
				WRAPPER_EXTENSION = app;
			};
			name = Debug;
		};
		23F807DD18BF2D7F00E80FF9 /* Release */ = {
			isa = XCBuildConfiguration;
			baseConfigurationReference = B8BB7E0D6478400CBE7B250D /* Pods.xcconfig */;
			buildSettings = {
				ASSETCATALOG_COMPILER_APPICON_NAME = AppIcon;
				ASSETCATALOG_COMPILER_LAUNCHIMAGE_NAME = LaunchImage;
				GCC_PRECOMPILE_PREFIX_HEADER = YES;
				GCC_PREFIX_HEADER = "CoreDataDemo/CoreDataDemo-Prefix.pch";
				INFOPLIST_FILE = "CoreDataDemo/CoreDataDemo-Info.plist";
				PRODUCT_NAME = "$(TARGET_NAME)";
				WRAPPER_EXTENSION = app;
			};
			name = Release;
		};
		23F807DF18BF2D7F00E80FF9 /* Debug */ = {
			isa = XCBuildConfiguration;
			buildSettings = {
				ARCHS = "$(ARCHS_STANDARD_INCLUDING_64_BIT)";
				BUNDLE_LOADER = "$(BUILT_PRODUCTS_DIR)/CoreDataDemo.app/CoreDataDemo";
				FRAMEWORK_SEARCH_PATHS = (
					"$(SDKROOT)/Developer/Library/Frameworks",
					"$(inherited)",
					"$(DEVELOPER_FRAMEWORKS_DIR)",
				);
				GCC_PRECOMPILE_PREFIX_HEADER = YES;
				GCC_PREFIX_HEADER = "CoreDataDemo/CoreDataDemo-Prefix.pch";
				GCC_PREPROCESSOR_DEFINITIONS = (
					"DEBUG=1",
					"$(inherited)",
				);
				INFOPLIST_FILE = "CoreDataDemoTests/CoreDataDemoTests-Info.plist";
				PRODUCT_NAME = "$(TARGET_NAME)";
				TEST_HOST = "$(BUNDLE_LOADER)";
				WRAPPER_EXTENSION = xctest;
			};
			name = Debug;
		};
		23F807E018BF2D7F00E80FF9 /* Release */ = {
			isa = XCBuildConfiguration;
			buildSettings = {
				ARCHS = "$(ARCHS_STANDARD_INCLUDING_64_BIT)";
				BUNDLE_LOADER = "$(BUILT_PRODUCTS_DIR)/CoreDataDemo.app/CoreDataDemo";
				FRAMEWORK_SEARCH_PATHS = (
					"$(SDKROOT)/Developer/Library/Frameworks",
					"$(inherited)",
					"$(DEVELOPER_FRAMEWORKS_DIR)",
				);
				GCC_PRECOMPILE_PREFIX_HEADER = YES;
				GCC_PREFIX_HEADER = "CoreDataDemo/CoreDataDemo-Prefix.pch";
				INFOPLIST_FILE = "CoreDataDemoTests/CoreDataDemoTests-Info.plist";
				PRODUCT_NAME = "$(TARGET_NAME)";
				TEST_HOST = "$(BUNDLE_LOADER)";
				WRAPPER_EXTENSION = xctest;
			};
			name = Release;
		};
/* End XCBuildConfiguration section */

/* Begin XCConfigurationList section */
		23F807A418BF2D7F00E80FF9 /* Build configuration list for PBXProject "CoreDataDemo" */ = {
			isa = XCConfigurationList;
			buildConfigurations = (
				23F807D918BF2D7F00E80FF9 /* Debug */,
				23F807DA18BF2D7F00E80FF9 /* Release */,
			);
			defaultConfigurationIsVisible = 0;
			defaultConfigurationName = Release;
		};
		23F807DB18BF2D7F00E80FF9 /* Build configuration list for PBXNativeTarget "CoreDataDemo" */ = {
			isa = XCConfigurationList;
			buildConfigurations = (
				23F807DC18BF2D7F00E80FF9 /* Debug */,
				23F807DD18BF2D7F00E80FF9 /* Release */,
			);
			defaultConfigurationIsVisible = 0;
			defaultConfigurationName = Release;
		};
		23F807DE18BF2D7F00E80FF9 /* Build configuration list for PBXNativeTarget "CoreDataDemoTests" */ = {
			isa = XCConfigurationList;
			buildConfigurations = (
				23F807DF18BF2D7F00E80FF9 /* Debug */,
				23F807E018BF2D7F00E80FF9 /* Release */,
			);
			defaultConfigurationIsVisible = 0;
			defaultConfigurationName = Release;
		};
/* End XCConfigurationList section */

/* Begin XCVersionGroup section */
		23F807C018BF2D7F00E80FF9 /* CoreDataDemo.xcdatamodeld */ = {
			isa = XCVersionGroup;
			children = (
				2318D6D818C09B4500DBEE1C /* CoreDataDemo 2.xcdatamodel */,
				23F807C118BF2D7F00E80FF9 /* CoreDataDemo.xcdatamodel */,
			);
			currentVersion = 2318D6D818C09B4500DBEE1C /* CoreDataDemo 2.xcdatamodel */;
			path = CoreDataDemo.xcdatamodeld;
			sourceTree = "<group>";
			versionGroupType = wrapper.xcdatamodel;
		};
/* End XCVersionGroup section */
	};
	rootObject = 23F807A118BF2D7F00E80FF9 /* Project object */;
}
